
Microsoft Visual Studio Solution File, Format Version 12.00
Project("{FAE04EC0-301F-11D3-BF4B-00C04F79EFBC}") = "PlanificationEntretien", "PlanificationEntretien\PlanificationEntretien.csproj", "{9DDEC250-DA75-4CC5-ADEC-F4C0DA7F3B7F}"
EndProject
Project("{FAE04EC0-301F-11D3-BF4B-00C04F79EFBC}") = "PlanificationEntretien.Tests", "PlanificationEntretien.Tests\PlanificationEntretien.Tests.csproj", "{F07ED85B-F88D-432E-A924-5DC5A9A6EF26}"
EndProject
Global
	GlobalSection(SolutionConfigurationPlatforms) = preSolution
		Debug|Any CPU = Debug|Any CPU
		Release|Any CPU = Release|Any CPU
	EndGlobalSection
	GlobalSection(ProjectConfigurationPlatforms) = postSolution
		{9DDEC250-DA75-4CC5-ADEC-F4C0DA7F3B7F}.Debug|Any CPU.ActiveCfg = Debug|Any CPU
		{9DDEC250-DA75-4CC5-ADEC-F4C0DA7F3B7F}.Debug|Any CPU.Build.0 = Debug|Any CPU
		{9DDEC250-DA75-4CC5-ADEC-F4C0DA7F3B7F}.Release|Any CPU.ActiveCfg = Release|Any CPU
		{9DDEC250-DA75-4CC5-ADEC-F4C0DA7F3B7F}.Release|Any CPU.Build.0 = Release|Any CPU
		{F07ED85B-F88D-432E-A924-5DC5A9A6EF26}.Debug|Any CPU.ActiveCfg = Debug|Any CPU
		{F07ED85B-F88D-432E-A924-5DC5A9A6EF26}.Debug|Any CPU.Build.0 = Debug|Any CPU
		{F07ED85B-F88D-432E-A924-5DC5A9A6EF26}.Release|Any CPU.ActiveCfg = Release|Any CPU
		{F07ED85B-F88D-432E-A924-5DC5A9A6EF26}.Release|Any CPU.Build.0 = Release|Any CPU
	EndGlobalSection
EndGlobal
